
Microsoft Visual Studio Solution File, Format Version 12.00
# Visual Studio Version 17
VisualStudioVersion = 17.8.34309.116
MinimumVisualStudioVersion = 10.0.40219.1
Project("{FAE04EC0-301F-11D3-BF4B-00C04F79EFBC}") = "EmangSampahWPF", "E-Mang Sampah\EmangSampahWPF.csproj", "{8F51266A-F3F9-47AE-9EC0-9D5B9AE6E585}"
EndProject
Project("{9A19103F-16F7-4668-BE54-9A1E7A4F7556}") = "EmangSampahTests", "EmangSampahTests\EmangSampahTests.csproj", "{29D6D16C-8238-4004-A90F-1F302DE44218}"
EndProject
Project("{FAE04EC0-301F-11D3-BF4B-00C04F79EFBC}") = "ConsoleForTest", "ConsoleForTest\ConsoleForTest.csproj", "{D1C62ECA-31CC-4326-BD0B-BD71D751A556}"
EndProject
Global
	GlobalSection(SolutionConfigurationPlatforms) = preSolution
		Debug|Any CPU = Debug|Any CPU
		Release|Any CPU = Release|Any CPU
	EndGlobalSection
	GlobalSection(ProjectConfigurationPlatforms) = postSolution
		{8F51266A-F3F9-47AE-9EC0-9D5B9AE6E585}.Debug|Any CPU.ActiveCfg = Debug|Any CPU
		{8F51266A-F3F9-47AE-9EC0-9D5B9AE6E585}.Debug|Any CPU.Build.0 = Debug|Any CPU
		{8F51266A-F3F9-47AE-9EC0-9D5B9AE6E585}.Release|Any CPU.ActiveCfg = Release|Any CPU
		{8F51266A-F3F9-47AE-9EC0-9D5B9AE6E585}.Release|Any CPU.Build.0 = Release|Any CPU
		{29D6D16C-8238-4004-A90F-1F302DE44218}.Debug|Any CPU.ActiveCfg = Debug|Any CPU
		{29D6D16C-8238-4004-A90F-1F302DE44218}.Debug|Any CPU.Build.0 = Debug|Any CPU
		{29D6D16C-8238-4004-A90F-1F302DE44218}.Release|Any CPU.ActiveCfg = Release|Any CPU
		{29D6D16C-8238-4004-A90F-1F302DE44218}.Release|Any CPU.Build.0 = Release|Any CPU
		{D1C62ECA-31CC-4326-BD0B-BD71D751A556}.Debug|Any CPU.ActiveCfg = Debug|Any CPU
		{D1C62ECA-31CC-4326-BD0B-BD71D751A556}.Debug|Any CPU.Build.0 = Debug|Any CPU
		{D1C62ECA-31CC-4326-BD0B-BD71D751A556}.Release|Any CPU.ActiveCfg = Release|Any CPU
		{D1C62ECA-31CC-4326-BD0B-BD71D751A556}.Release|Any CPU.Build.0 = Release|Any CPU
	EndGlobalSection
	GlobalSection(SolutionProperties) = preSolution
		HideSolutionNode = FALSE
	EndGlobalSection
	GlobalSection(ExtensibilityGlobals) = postSolution
		SolutionGuid = {8CDDAED3-3AB1-405D-8584-5B7427C361A3}
	EndGlobalSection
EndGlobal
