
Microsoft Visual Studio Solution File, Format Version 12.00
# Visual Studio Version 17
VisualStudioVersion = 17.8.34309.116
MinimumVisualStudioVersion = 10.0.40219.1
Project("{FAE04EC0-301F-11D3-BF4B-00C04F79EFBC}") = "EmangSampahWPF", "E-Mang Sampah\EmangSampahWPF.csproj", "{8F51266A-F3F9-47AE-9EC0-9D5B9AE6E585}"
EndProject
Project("{FAE04EC0-301F-11D3-BF4B-00C04F79EFBC}") = "ConsoleForTest", "ConsoleForTest\ConsoleForTest.csproj", "{D1C62ECA-31CC-4326-BD0B-BD71D751A556}"
EndProject
Project("{FAE04EC0-301F-11D3-BF4B-00C04F79EFBC}") = "EmangSampahTest", "EmangSampahTest\EmangSampahTest.csproj", "{E60AB7B1-8609-4A41-8163-AFDC07206C57}"
EndProject
Global
	GlobalSection(SolutionConfigurationPlatforms) = preSolution
		Debug|Any CPU = Debug|Any CPU
		Release|Any CPU = Release|Any CPU
	EndGlobalSection
	GlobalSection(ProjectConfigurationPlatforms) = postSolution
		{8F51266A-F3F9-47AE-9EC0-9D5B9AE6E585}.Debug|Any CPU.ActiveCfg = Debug|Any CPU
		{8F51266A-F3F9-47AE-9EC0-9D5B9AE6E585}.Debug|Any CPU.Build.0 = Debug|Any CPU
		{8F51266A-F3F9-47AE-9EC0-9D5B9AE6E585}.Release|Any CPU.ActiveCfg = Release|Any CPU
		{8F51266A-F3F9-47AE-9EC0-9D5B9AE6E585}.Release|Any CPU.Build.0 = Release|Any CPU
		{D1C62ECA-31CC-4326-BD0B-BD71D751A556}.Debug|Any CPU.ActiveCfg = Debug|Any CPU
		{D1C62ECA-31CC-4326-BD0B-BD71D751A556}.Debug|Any CPU.Build.0 = Debug|Any CPU
		{D1C62ECA-31CC-4326-BD0B-BD71D751A556}.Release|Any CPU.ActiveCfg = Release|Any CPU
		{D1C62ECA-31CC-4326-BD0B-BD71D751A556}.Release|Any CPU.Build.0 = Release|Any CPU
		{E60AB7B1-8609-4A41-8163-AFDC07206C57}.Debug|Any CPU.ActiveCfg = Debug|Any CPU
		{E60AB7B1-8609-4A41-8163-AFDC07206C57}.Debug|Any CPU.Build.0 = Debug|Any CPU
		{E60AB7B1-8609-4A41-8163-AFDC07206C57}.Release|Any CPU.ActiveCfg = Release|Any CPU
		{E60AB7B1-8609-4A41-8163-AFDC07206C57}.Release|Any CPU.Build.0 = Release|Any CPU
	EndGlobalSection
	GlobalSection(SolutionProperties) = preSolution
		HideSolutionNode = FALSE
	EndGlobalSection
	GlobalSection(ExtensibilityGlobals) = postSolution
		SolutionGuid = {8CDDAED3-3AB1-405D-8584-5B7427C361A3}
	EndGlobalSection
EndGlobal
